
Microsoft Visual Studio Solution File, Format Version 11.00
# Visual Studio 2010
Project("{FAE04EC0-301F-11D3-BF4B-00C04F79EFBC}") = "Project", "Project\Project.csproj", "{DCC66AA6-B926-4BC3-AB06-F2B38568C35F}"
EndProject
Global
	GlobalSection(SolutionConfigurationPlatforms) = preSolution
		Debug|Any CPU = Debug|Any CPU
		Release|Any CPU = Release|Any CPU
	EndGlobalSection
	GlobalSection(ProjectConfigurationPlatforms) = postSolution
		{DCC66AA6-B926-4BC3-AB06-F2B38568C35F}.Debug|Any CPU.ActiveCfg = Debug|Any CPU
		{DCC66AA6-B926-4BC3-AB06-F2B38568C35F}.Debug|Any CPU.Build.0 = Debug|Any CPU
		{DCC66AA6-B926-4BC3-AB06-F2B38568C35F}.Release|Any CPU.ActiveCfg = Release|Any CPU
		{DCC66AA6-B926-4BC3-AB06-F2B38568C35F}.Release|Any CPU.Build.0 = Release|Any CPU
	EndGlobalSection
	GlobalSection(SolutionProperties) = preSolution
		HideSolutionNode = FALSE
	EndGlobalSection
EndGlobal
